{
    "_meta": {
        "hash": {
            "sha256": "4e7f3790f088e267bc35a2b2700f29bfc8a40461557317c56d05e31b420e3c73"
        },
        "pipfile-spec": 6,
        "requires": {
            "python_version": "3.7"
        },
        "sources": [
            {
                "name": "pypi",
                "url": "https://pypi.org/simple",
                "verify_ssl": true
            }
        ]
    },
    "default": {
        "bitshuffle": {
            "editable": true,
            "git": "https://github.com/kiyo-masui/bitshuffle.git",
            "ref": "70ffdc7b809d6d916b21b648741910feeec77787"
        },
        "certifi": {
            "hashes": [
                "sha256:47f9c83ef4c0c621eaef743f133f09fa8a74a9b75f037e8624f83bd1b6626cb7",
                "sha256:993f830721089fef441cdfeb4b2c8c9df86f0c63239f06bd025a76a7daddb033"
            ],
            "version": "==2018.11.29"
        },
        "chardet": {
            "hashes": [
                "sha256:84ab92ed1c4d4f16916e05906b6b75a6c0fb5db821cc65e70cbd64a3e2a5eaae",
                "sha256:fc323ffcaeaed0e0a02bf4d117757b98aed530d9ed4531e3e15460124c106691"
            ],
            "version": "==3.0.4"
        },
        "cython": {
            "hashes": [
                "sha256:050b082accb95c0a3a6a9dd1ec6fb0bea5321f5b894c8fd0dc6c3abebb68822b",
                "sha256:22e2b55baaa2c7d5aee0376fd1cca39a6036598b9423d8ecd44c514fde1952c3",
                "sha256:2be438190b1acce073f3aa4220fdbefb7fc910204dc0a82ef725802195e58dfb",
                "sha256:2da461af4845cf858f6ef366e74093917cce731f70e95e03b24e9c8e66d62e6d",
                "sha256:46e9d20bd1a7431ac58f95d0b8e5ec14d33363b49bfa1a6245621037fb5bbd49",
                "sha256:50a735fccd946217d1dd06a06ac16a582a1a1169c16588e234284b12d7d08d3f",
                "sha256:63ddf6ea98dff4dc1d3567412015dbc21dbb728323b2f93ba7bc5994db28bbe2",
                "sha256:6976bc08d6a6d1ea53564df6d9ab0bf1fa3e073556e2520931dffa5c3d68b5c3",
                "sha256:6c5d33f1b5c864382fbce810a8fd9e015447869ae42e98e6301e977b8165e7ae",
                "sha256:6db2fa279e235a9feef96833eb34be2a807add214a253e5e92e99b4b0e6659c2",
                "sha256:71e44d9a85dbba538e5c2d0eb8b09b2233b0938010345d5e5bae428b429e6c47",
                "sha256:750d9bb4aad23ddd61061d7a4e271bb39df1886c90861faf0b21c9219fd1c2c3",
                "sha256:7a262e2e2807e05cacef76c1333bb5b5f46d882d1a6eca1a38c65a0c29df2a64",
                "sha256:7f65d40728c6170f7f5a8a9329ba65568069b08581d899c44efb80c7d751524a",
                "sha256:8002f39d504120ff0125783dd00464806c6d77519c63f7899c1781d68d7a7887",
                "sha256:8cdf96a9ae2201a6423252dfe7a0d7121fdd451f9c81abd276d7112ad563f9fb",
                "sha256:a3ea96c1fb1f80b3216f6300067dba85a6c03e4070ef8c4a1a150618d358c265",
                "sha256:a8689c538ac7c3162df90f2b141aa9a210798485b8f6f72a31dedab60d3d06f7",
                "sha256:aee85f89c22d3d88e958050834c9d16ec6ce9c9b1ce6042ae6e7a2125c2dc3a9",
                "sha256:b05ad60e8b8750d3ce254ca3bd45bc222b8c9b7671affbda9bec36a36a24a484",
                "sha256:b1ef8bd48a3ff6743c2facb09b666ffa78414cc12f971a21b6f977ffd1968d26",
                "sha256:b890e55e7557d1a8a4e4defe082fdbabf241ac4a0fb38608e6ae50644dcc7d76",
                "sha256:bddf0db28eca8e650ec120e9d8724646b811c517eae9aa688253abc757547881",
                "sha256:be43609c12c85d2e3fefa4c0f7b6197431fdf7ea804e11a419709dc7df46d9ea",
                "sha256:be69dc0c85cfc78e808fb22753ab2a99bdbd124702b21141a77da50f2fdae00e",
                "sha256:d404cfa5e8595e8c0f81ff19d06a0dcfefcd9a3c8e2bf973985a6cc48731879b",
                "sha256:df0696840e4da454475b83bbe0f8f4f8d90b75e68bfff7bfbe5b97cecc50a1df",
                "sha256:f7cb71cafe05980404704045110f45c09143ed41dabadb91061c063dd543b924"
            ],
            "version": "==0.29.6"
        },
        "h5py": {
            "hashes": [
                "sha256:05750b91640273c69989c657eaac34b091abdd75efc8c4824c82aaf898a2da0a",
                "sha256:082a27208aa3a2286e7272e998e7e225b2a7d4b7821bd840aebf96d50977abbb",
                "sha256:08e2e8297195f9e813e894b6c63f79372582787795bba2014a2db6a2de95f713",
                "sha256:0dd2adeb2e9de5081eb8dcec88874e7fd35dae9a21557be3a55a3c7d491842a4",
                "sha256:0f94de7a10562b991967a66bbe6dda9808e18088676834c0a4dcec3fdd3bcc6f",
                "sha256:106e42e2e01e486a3d32eeb9ba0e3a7f65c12fa8998d63625fa41fb8bdc44cdb",
                "sha256:1606c66015f04719c41a9863c156fc0e6b992150de21c067444bcb82e7d75579",
                "sha256:1854c4beff9961e477e133143c5e5e355dac0b3ebf19c52cf7cc1b1ef757703c",
                "sha256:1e9fb6f1746500ea91a00193ce2361803c70c6b13f10aae9a33ad7b5bd28e800",
                "sha256:2cca17e80ddb151894333377675db90cd0279fa454776e0a4f74308376afd050",
                "sha256:30e365e8408759db3778c361f1e4e0fe8e98a875185ae46c795a85e9bafb9cdf",
                "sha256:3206bac900e16eda81687d787086f4ffd4f3854980d798e191a9868a6510c3ae",
                "sha256:3c23d72058647cee19b30452acc7895621e2de0a0bd5b8a1e34204b9ea9ed43c",
                "sha256:407b5f911a83daa285bbf1ef78a9909ee5957f257d3524b8606be37e8643c5f0",
                "sha256:4162953714a9212d373ac953c10e3329f1e830d3c7473f2a2e4f25dd6241eef0",
                "sha256:5fc7aba72a51b2c80605eba1c50dbf84224dcd206279d30a75c154e5652e1fe4",
                "sha256:713ac19307e11de4d9833af0c4bd6778bde0a3d967cafd2f0f347223711c1e31",
                "sha256:71b946d80ef3c3f12db157d7778b1fe74a517ca85e94809358b15580983c2ce2",
                "sha256:8cc4aed71e20d87e0a6f02094d718a95252f11f8ed143bc112d22167f08d4040",
                "sha256:9d41ca62daf36d6b6515ab8765e4c8c4388ee18e2a665701fef2b41563821002",
                "sha256:a744e13b000f234cd5a5b2a1f95816b819027c57f385da54ad2b7da1adace2f3",
                "sha256:b087ee01396c4b34e9dc41e3a6a0442158206d383c19c7d0396d52067b17c1cb",
                "sha256:b0f03af381d33306ce67d18275b61acb4ca111ced645381387a02c8a5ee1b796",
                "sha256:b9e4b8dfd587365bdd719ae178fa1b6c1231f81280b1375eef8626dfd8761bf3",
                "sha256:c5dd4ec75985b99166c045909e10f0534704d102848b1d9f0992720e908928e7",
                "sha256:d2b82f23cd862a9d05108fe99967e9edfa95c136f532a71cb3d28dc252771f50",
                "sha256:e58a25764472af07b7e1c4b10b0179c8ea726446c7141076286e41891bf3a563",
                "sha256:f3b49107fbfc77333fc2b1ef4d5de2abcd57e7ea3a1482455229494cf2da56ce"
            ],
            "version": "==2.9.0"
        },
        "idna": {
            "hashes": [
                "sha256:c357b3f628cf53ae2c4c05627ecc484553142ca23264e593d327bcde5e9c3407",
                "sha256:ea8b7f6188e6fa117537c3df7da9fc686d485087abf6ac197f9c46432f7e4a3c"
            ],
            "version": "==2.8"
        },
        "lz4": {
            "hashes": [
                "sha256:031fb6aa1e65afa1d6b4f0e8d619f983f779b260bf0b9a889aceefc8cde26ce6",
                "sha256:03e0ac0ef9b8fab9db68f7ab535f345031f477c66526665b4df07a97d5287657",
                "sha256:111382c17aae8f0724729a314ed27d73c254d09afdc71052d3b990b7b6f7f9ec",
                "sha256:1351b35f764d277ba4c6d505f94c25d45cb2ace6ff470523efb3ef5d2db2996a",
                "sha256:2e709d221f349a4affd6d379634e97d1ea11c922ec5f1f04c456fbdcc4ef73ff",
                "sha256:2ec4d07683641cbbf6c31c978a09a5bf92f7a6a721b68f4b812d883818b58503",
                "sha256:3c03f6b52b136a61b3168e875753a60d171a3efbab3601d66402a78dd20de4d2",
                "sha256:3e440348be1e5dbb50c887c3fa6d9ea900604d8e790a198f966b7d7a4c338903",
                "sha256:5054c0aefcd8fca2620d06c17991f5f4656371c42352c105e07bd7d50ff4222f",
                "sha256:5b4c08b95e80001be32cf515ab614a8f34dc0d7adbdb711aadd1fd43f8bccc75",
                "sha256:708808f9f3f0aebdfc23832a48f5d28d65ca5f631742b3204feb31bc24376db2",
                "sha256:721a24c309d754ff9f1bd92dc18256492b2ff2a78701e4984386f112edba39d9",
                "sha256:72eab726d9c8d3ac7431cbd9949586b940115aa3859146327532f1b3da7b7a79",
                "sha256:733baed3d41992904ae384b7a3ac90d39c245ae79fb282dadcc359100300aacb",
                "sha256:7bd1a4af2da06698e1c88004c087cff487ff7832d2a26d31bc6f037cd669d9d7",
                "sha256:7d9641446d6031f8fd3e07723ac524669533b660425681c2a521262f529643e5",
                "sha256:890862c500317cd87c224802dc140dbdce2c0570cf7d778987db16cfd8cafa1e",
                "sha256:8fae62b3b1ce4598de091dab68f79afd402c52597e67ba09ca630c8172dce4c3",
                "sha256:952b6f199a267c38f7d1d15ef45d99e74c3569470c79c50a5363bd041ac542fe",
                "sha256:a07aab2d73b756d8bf50916ebb237bda06dea896ded28092ed8a75d1ee6825ec",
                "sha256:a6f85d25bd824c469b45eb53535eb0ea66e7d379446753b1044fc0183735408a",
                "sha256:b82d2c3d3fb194611138e8073ddcadd890cd0e8682037347ac0b547d42e2d29c",
                "sha256:b9f1ffc80da042cce262664406deca225fecb3a15c79480199c0d10685d59780",
                "sha256:ca7ccf72f1f7bbdfd8ae758e3965408fadcae760eda8122195efd87d9a2652d8",
                "sha256:ec7aedcd81da741861bac78eb735b48cc09ac66c950a9c89a3ecebcfd3c1ae7b",
                "sha256:f5755e2b3f30d046c2222e9a94a19aad9f1a90f1efcffe4de222568d2e93c7fc",
                "sha256:fe213ae1c028f513bfc2b49840cb0e319364b591abb6f4bcd2b4b4926910031f",
                "sha256:fe6e117d86f576452eee658c545ebaa039e1c168412443d1216057c32f4fcf88"
            ],
            "index": "pypi",
            "version": "==2.1.6"
        },
        "numpy": {
            "hashes": [
                "sha256:1980f8d84548d74921685f68096911585fee393975f53797614b34d4f409b6da",
                "sha256:22752cd809272671b273bb86df0f505f505a12368a3a5fc0aa811c7ece4dfd5c",
                "sha256:23cc40313036cffd5d1873ef3ce2e949bdee0646c5d6f375bf7ee4f368db2511",
                "sha256:2b0b118ff547fecabc247a2668f48f48b3b1f7d63676ebc5be7352a5fd9e85a5",
                "sha256:3a0bd1edf64f6a911427b608a894111f9fcdb25284f724016f34a84c9a3a6ea9",
                "sha256:3f25f6c7b0d000017e5ac55977a3999b0b1a74491eacb3c1aa716f0e01f6dcd1",
                "sha256:4061c79ac2230594a7419151028e808239450e676c39e58302ad296232e3c2e8",
                "sha256:560ceaa24f971ab37dede7ba030fc5d8fa173305d94365f814d9523ffd5d5916",
                "sha256:62be044cd58da2a947b7e7b2252a10b42920df9520fc3d39f5c4c70d5460b8ba",
                "sha256:6c692e3879dde0b67a9dc78f9bfb6f61c666b4562fd8619632d7043fb5b691b0",
                "sha256:6f65e37b5a331df950ef6ff03bd4136b3c0bbcf44d4b8e99135d68a537711b5a",
                "sha256:7a78cc4ddb253a55971115f8320a7ce28fd23a065fc33166d601f51760eecfa9",
                "sha256:80a41edf64a3626e729a62df7dd278474fc1726836552b67a8c6396fd7e86760",
                "sha256:893f4d75255f25a7b8516feb5766c6b63c54780323b9bd4bc51cdd7efc943c73",
                "sha256:972ea92f9c1b54cc1c1a3d8508e326c0114aaf0f34996772a30f3f52b73b942f",
                "sha256:9f1d4865436f794accdabadc57a8395bd3faa755449b4f65b88b7df65ae05f89",
                "sha256:9f4cd7832b35e736b739be03b55875706c8c3e5fe334a06210f1a61e5c2c8ca5",
                "sha256:adab43bf657488300d3aeeb8030d7f024fcc86e3a9b8848741ea2ea903e56610",
                "sha256:bd2834d496ba9b1bdda3a6cf3de4dc0d4a0e7be306335940402ec95132ad063d",
                "sha256:d20c0360940f30003a23c0adae2fe50a0a04f3e48dc05c298493b51fd6280197",
                "sha256:d3b3ed87061d2314ff3659bb73896e622252da52558f2380f12c421fbdee3d89",
                "sha256:dc235bf29a406dfda5790d01b998a1c01d7d37f449128c0b1b7d1c89a84fae8b",
                "sha256:fb3c83554f39f48f3fa3123b9c24aecf681b1c289f9334f8215c1d3c8e2f6e5b"
            ],
            "version": "==1.16.2"
        },
        "pandas": {
            "hashes": [
                "sha256:02c830f951f3dc8c3164e2639a8961881390f7492f71a7835c2330f54539ad57",
                "sha256:179015834c72a577486337394493cc2969feee9a04a2ea09f50c724e4b52ab42",
                "sha256:3894960d43c64cfea5142ac783b101362f5008ee92e962392156a3f8d1558995",
                "sha256:435821cb2501eabbcee7e83614bd710940dc0cf28b5afbc4bdb816c31cec71af",
                "sha256:8294dea9aa1811f93558702856e3b68dd1dfd7e9dbc8e0865918a07ee0f21c2c",
                "sha256:844e745ab27a9a01c86925fe776f9d2e09575e65f0bf8eba5090edddd655dffc",
                "sha256:a08d49f5fa2a2243262fe5581cb89f6c0c7cc525b8d6411719ab9400a9dc4a82",
                "sha256:a435c251246075337eb9fdc4160fd15c8a87cc0679d8d61fb5255d8d5a12f044",
                "sha256:a799f03c0ec6d8687f425d7d6c075e8055a9a808f1ba87604d91f20507631d8d",
                "sha256:aea72ce5b3a016b578cc05c04a2f68d9cafacf5d784b6fe832e66381cb62c719",
                "sha256:c145e94c6da2af7eaf1fd827293ac1090a61a9b80150bebe99f8966a02378db9",
                "sha256:c8a7b470c88c779301b73b23cabdbbd94b83b93040b2ccffa409e06df23831c0",
                "sha256:c9e31b36abbd7b94c547d9047f13e1546e3ba967044cf4f9718575fcb7b81bb6",
                "sha256:d960b7a03c33c328c723cfc2f8902a6291645f4efa0a5c1d4c5fa008cdc1ea77",
                "sha256:da21fae4c173781b012217c9444f13c67449957a4d45184a9718268732c09564",
                "sha256:db26c0fea0bd7d33c356da98bafd2c0dfb8f338e45e2824ff8f4f3e61b5c5f25",
                "sha256:dc296c3f16ec620cfb4daf0f672e3c90f3920ece8261b2760cd0ebd9cd4daa55",
                "sha256:e8da67cb2e9333ec30d53cfb96e27a4865d1648688e5471699070d35d8ab38cf",
                "sha256:fb4f047a63f91f22aade4438aaf790400b96644e802daab4293e9b799802f93f",
                "sha256:fef9939176cba0c2526ebeefffb8b9807543dc0954877b7226f751ec1294a869"
            ],
            "index": "pypi",
            "version": "==0.24.1"
        },
        "pipfile": {
            "hashes": [
                "sha256:f7d9f15de8b660986557eb3cc5391aa1a16207ac41bc378d03f414762d36c984"
            ],
            "index": "pypi",
            "version": "==0.0.2"
        },
        "pyqt5": {
            "hashes": [
                "sha256:1402f1613698ca64e3cec0ee27a60b5454e782c16fbd1bdee4a270a058947939",
                "sha256:8872c78f204bf8b660164d6dfae87e1be5a9dbc3e20fd2823bd4e851b3647eba",
                "sha256:912ead29f8ed86be178faeb2be83793fb633c11059ae54c3bd8e81c1e224e339",
                "sha256:acbefac6c780f04709441aa7d8a147c0801f01f8db93f8f000e4a4391db27345"
            ],
            "index": "pypi",
            "version": "==5.12"
        },
        "pyqt5-sip": {
            "hashes": [
                "sha256:04bd0bb8b6f8fa03c2dfbdfff0c8c9bfb3f46a21dd4cac73983dae93bf949523",
                "sha256:058d450c26be92193605f4628ff690d77080f599ffe381a1029cea8eeb71ab8e",
                "sha256:0b838ef8a55461785e78b4e347cf52ce228a5d4392c57e07cc46de51433dc8ac",
                "sha256:40504f96ecb834e54491ead558589bfd773056dba7f2df76599a06fdd8ed1ead",
                "sha256:49b2151bd0a0e439efc9d4c22c33a048d8e8ede5c7296851c221fa0988887edb",
                "sha256:6540b510f9436fe2d65801af55ecbf8c43bdda47294e994ed3851403a93e4a8b",
                "sha256:6b3063b12e700944172d57cdbeafb363229669af933f873d01c7a6d8a91c4c87",
                "sha256:6b65d2b14084eb583bf4cf68b97ade295fabae5f5bf2aae0ab00ab30533f1c60",
                "sha256:6ca796071b21761917ee486e57bfa2fc694580e65c462e4173cf849ed8fe201c",
                "sha256:6d3013a6820ea614f46fdc73cc16dd57c36a0c74bcbd38bd0b9f2d46b6e6dd16",
                "sha256:84f7401afdd5f31e961de75e9c6b1610849e8883fbe0ed675bbb7d7d97286347",
                "sha256:bb81cfc4d35ca59f1c419b6abeb6ca6a726a63b712cf979f2b5ab24b81c36f49"
            ],
            "version": "==4.19.14"
        },
        "pyqtgraph": {
            "hashes": [
                "sha256:4c08ab34881fae5ecf9ddfe6c1220b9e41e6d3eb1579a7d8ef501abb8e509251"
            ],
            "index": "pypi",
            "version": "==0.10.0"
        },
        "python-dateutil": {
            "hashes": [
                "sha256:7e6584c74aeed623791615e26efd690f29817a27c73085b78e4bad02493df2fb",
                "sha256:c89805f6f4d64db21ed966fda138f8a5ed7a4fdbc1a8ee329ce1b74e3c74da9e"
            ],
            "version": "==2.8.0"
        },
        "pytz": {
            "hashes": [
                "sha256:32b0891edff07e28efe91284ed9c31e123d84bea3fd98e1f72be2508f43ef8d9",
                "sha256:d5f05e487007e29e03409f9398d074e158d920d36eb82eaf66fb1136b0c5374c"
            ],
            "version": "==2018.9"
        },
        "pyzmq": {
            "hashes": [
                "sha256:07a03450418694fb07e76a0191b6bc9f411afc8e364ca2062edcf28bb0e51c63",
                "sha256:15f0bf7cd80020f165635595e197603aedb37fddf4164ad5ae226afc43242f7b",
                "sha256:1756dc72e192c670490e38c788c3a35f901adc74ee436e5131d5a3e85fdd7dc6",
                "sha256:1d1eb490da54679d724b08ef3ee04530849023670c4ba7e400ed2cdf906720c4",
                "sha256:228402625796821f08706f58cc42a3c51c9897d723550babaefe4feec2b6dacc",
                "sha256:264ac9dcee6a7af2bce4b61f2d19e5926118a5caa629b50f107ef6318670a364",
                "sha256:2b5a43da65f5dec857184d5c2ce13b80071019e96358f146bdecff7238765bc9",
                "sha256:3928534fa00a2aabfcfdb439c08ba37fbe99ab0cf57776c8db8d2b73a51693ba",
                "sha256:3d2a295b1086d450981f73d3561ac204a0cc9c8ded386a4a34327d918f3b1d0a",
                "sha256:411def5b4cbe6111856040a55c8048df113882e90c57ce88de4a48f0189441ac",
                "sha256:4b77e96a7ffc1c5e08eaf274db554f227b31717d086adca1bb42b12ef35a7194",
                "sha256:4c87fa3e449e1f4ab9170cdfe8213dc0ba34a11b160e6adecafa892e451a29b6",
                "sha256:4fd8621a309db6ec23ef1369f43cdf7a9b0dc217d8ff9ca4095a6e932b379bda",
                "sha256:54fe55a1694ffe608c8e4c5183e83cab7a91f3e5c84bd6f188868d6676c12aba",
                "sha256:60acabd86808a16a895a247fd2bf7a127284a33562d79687bb5df163cff068b2",
                "sha256:618887be4ad754228c0cbba7631f6574608b4430fe93974e6322324f1304fdac",
                "sha256:69130efb6efa936de601cb135a8a4eec1caccd4ea2b784237145ff4075c2d3ae",
                "sha256:6e7f78eeac82140bde7e60e975c6e6b1b678a4dd377782ab63319c1c78bf3aa1",
                "sha256:6ee760cdb84e43574da6b3f2f1fc1251e8acf87253900d28a06451c5f5de39e9",
                "sha256:75c87f1dc1e65cea4b709f2ebc78fa18d4b475e41463502aec9cd26208b88e0f",
                "sha256:97cb1b7cd2c46e87b0a26651eccd2bbb8c758035efd1635ebb81ac36aa76a88c",
                "sha256:abfa774dbadacc849121ed92eae05189d226daab583388b499472e1bbb17ef69",
                "sha256:ae3d2627d74195ddc95675f2f814aca998381b73dc4341b9e10e3e191e1bdb0b",
                "sha256:b30c339eb58355f51f4f54dd61d785f1ff58c86bca1c3a5916977631d121867b",
                "sha256:cbabdced5b137cd56aa22633f13ac5690029a0ad43ab6c05f53206e489178362"
            ],
            "version": "==18.0.0"
        },
        "qdarkstyle": {
            "hashes": [
                "sha256:0b30e55672d51abdf74710991d6abfd22584a13c1298a09108c6056411111a8f",
                "sha256:96b14cd0440a0f73db4e14c5accdaa08072625d0395ae011d444508cbd73eb9e"
            ],
            "index": "pypi",
            "version": "==2.6.5"
        },
        "requests": {
            "hashes": [
                "sha256:502a824f31acdacb3a35b6690b5fbf0bc41d63a24a45c4004352b0242707598e",
                "sha256:7bf2a778576d825600030a110f3c0e3e8edc51dfaafe1c146e39a2027784957b"
            ],
            "index": "pypi",
            "version": "==2.21.0"
        },
        "six": {
            "hashes": [
                "sha256:3350809f0555b11f552448330d0b52d5f24c91a322ea4a15ef22629740f3761c",
                "sha256:d16a0141ec1a18405cd4ce8b4613101da75da0e9a7aec5bdd4fa804d0e0eba73"
            ],
            "version": "==1.12.0"
        },
        "tifffile": {
            "hashes": [
                "sha256:a8ec9a1d8bc33421af3fc1bdf15ceae554ce65c5f2f1dc92a84782211fb565c4",
                "sha256:ed49d75b3eff711dbe74b35324dfd79e0db598b6e772a9096001545e81e95437"
            ],
            "index": "pypi",
            "version": "==2019.2.22"
        },
        "toml": {
            "hashes": [
                "sha256:229f81c57791a41d65e399fc06bf0848bab550a9dfd5ed66df18ce5f05e73d5c",
                "sha256:235682dd292d5899d361a811df37e04a8828a5b1da3115886b73cf81ebc9100e"
            ],
            "version": "==0.10.0"
        },
        "urllib3": {
            "hashes": [
                "sha256:61bf29cada3fc2fbefad4fdf059ea4bd1b4a86d2b6d15e1c7c0b582b9752fe39",
                "sha256:de9529817c93f27c8ccbfead6985011db27bd0ddfcdb2d86f3f663385c6a9c22"
            ],
            "version": "==1.24.1"
        },
        "zmq": {
            "hashes": [
                "sha256:21cfc6be254c9bc25e4dabb8a3b2006a4227966b7b39a637426084c8dc6901f7",
                "sha256:6b1a1de53338646e8c8405803cffb659e8eb7bb02fff4c9be62a7acfac8370c9"
            ],
            "index": "pypi",
            "version": "==0.0.0"
        }
    },
    "develop": {}
}
